
Microsoft Visual Studio Solution File, Format Version 12.00
# Visual Studio Version 17
VisualStudioVersion = 17.7.34221.43
MinimumVisualStudioVersion = 10.0.40219.1
Project("{FAE04EC0-301F-11D3-BF4B-00C04F79EFBC}") = "StructIndexerTask", "StructIndexerTask\StructIndexerTask.csproj", "{677C6D3F-F80A-47AC-B75C-D3AAB58675F4}"
EndProject
Project("{FAE04EC0-301F-11D3-BF4B-00C04F79EFBC}") = "Core", "Core\Core.csproj", "{74978792-B15C-4183-9FC2-752F06DB9014}"
EndProject
Global
	GlobalSection(SolutionConfigurationPlatforms) = preSolution
		Debug|Any CPU = Debug|Any CPU
		Release|Any CPU = Release|Any CPU
	EndGlobalSection
	GlobalSection(ProjectConfigurationPlatforms) = postSolution
		{677C6D3F-F80A-47AC-B75C-D3AAB58675F4}.Debug|Any CPU.ActiveCfg = Debug|Any CPU
		{677C6D3F-F80A-47AC-B75C-D3AAB58675F4}.Debug|Any CPU.Build.0 = Debug|Any CPU
		{677C6D3F-F80A-47AC-B75C-D3AAB58675F4}.Release|Any CPU.ActiveCfg = Release|Any CPU
		{677C6D3F-F80A-47AC-B75C-D3AAB58675F4}.Release|Any CPU.Build.0 = Release|Any CPU
		{74978792-B15C-4183-9FC2-752F06DB9014}.Debug|Any CPU.ActiveCfg = Debug|Any CPU
		{74978792-B15C-4183-9FC2-752F06DB9014}.Debug|Any CPU.Build.0 = Debug|Any CPU
		{74978792-B15C-4183-9FC2-752F06DB9014}.Release|Any CPU.ActiveCfg = Release|Any CPU
		{74978792-B15C-4183-9FC2-752F06DB9014}.Release|Any CPU.Build.0 = Release|Any CPU
	EndGlobalSection
	GlobalSection(SolutionProperties) = preSolution
		HideSolutionNode = FALSE
	EndGlobalSection
	GlobalSection(ExtensibilityGlobals) = postSolution
		SolutionGuid = {C00A85D2-74A3-4DED-9F05-4CF9CD67EAA4}
	EndGlobalSection
EndGlobal
